
Microsoft Visual Studio Solution File, Format Version 12.00
# Visual Studio Version 17
VisualStudioVersion = 17.1.32228.430
MinimumVisualStudioVersion = 10.0.40219.1
Project("{8BC9CEB8-8B4A-11D0-8D11-00A0C91BC942}") = "BOJ_24723", "BOJ_24723.vcxproj", "{4A1911F6-D34C-4B85-B55C-77A2BE81D14B}"
EndProject
Global
	GlobalSection(SolutionConfigurationPlatforms) = preSolution
		Debug|x64 = Debug|x64
		Release|x64 = Release|x64
	EndGlobalSection
	GlobalSection(ProjectConfigurationPlatforms) = postSolution
		{4A1911F6-D34C-4B85-B55C-77A2BE81D14B}.Debug|x64.ActiveCfg = Debug|x64
		{4A1911F6-D34C-4B85-B55C-77A2BE81D14B}.Debug|x64.Build.0 = Debug|x64
		{4A1911F6-D34C-4B85-B55C-77A2BE81D14B}.Release|x64.ActiveCfg = Release|x64
		{4A1911F6-D34C-4B85-B55C-77A2BE81D14B}.Release|x64.Build.0 = Release|x64
	EndGlobalSection
	GlobalSection(SolutionProperties) = preSolution
		HideSolutionNode = FALSE
	EndGlobalSection
	GlobalSection(ExtensibilityGlobals) = postSolution
		SolutionGuid = {8B67911B-3E88-40D5-BD9C-43ED1A2176B4}
	EndGlobalSection
EndGlobal
